// !$*UTF8*$!
{
	archiveVersion = 1;
	classes = {
	};
	objectVersion = 56;
	objects = {

/* Begin PBXBuildFile section */
		5C2D75222BE3DEE900A05A2C /* ZoomSliderView.swift in Sources */ = {isa = PBXBuildFile; fileRef = 5C2D75212BE3DEE900A05A2C /* ZoomSliderView.swift */; };
		5C5988DD2BE1142200A265C0 /* CameraAppApp.swift in Sources */ = {isa = PBXBuildFile; fileRef = 5C5988DC2BE1142200A265C0 /* CameraAppApp.swift */; };
		5C5988DF2BE1142200A265C0 /* ContentView.swift in Sources */ = {isa = PBXBuildFile; fileRef = 5C5988DE2BE1142200A265C0 /* ContentView.swift */; };
		5C5988E12BE1142300A265C0 /* Assets.xcassets in Resources */ = {isa = PBXBuildFile; fileRef = 5C5988E02BE1142300A265C0 /* Assets.xcassets */; };
		5C5988E42BE1142300A265C0 /* Preview Assets.xcassets in Resources */ = {isa = PBXBuildFile; fileRef = 5C5988E32BE1142300A265C0 /* Preview Assets.xcassets */; };
		5C5988EE2BE1142300A265C0 /* CameraAppTests.swift in Sources */ = {isa = PBXBuildFile; fileRef = 5C5988ED2BE1142300A265C0 /* CameraAppTests.swift */; };
		5C5988F82BE1142300A265C0 /* CameraAppUITests.swift in Sources */ = {isa = PBXBuildFile; fileRef = 5C5988F72BE1142300A265C0 /* CameraAppUITests.swift */; };
		5C5988FA2BE1142300A265C0 /* CameraAppUITestsLaunchTests.swift in Sources */ = {isa = PBXBuildFile; fileRef = 5C5988F92BE1142300A265C0 /* CameraAppUITestsLaunchTests.swift */; };
		5C5989072BE11CC600A265C0 /* CameraView.swift in Sources */ = {isa = PBXBuildFile; fileRef = 5C5989062BE11CC600A265C0 /* CameraView.swift */; };
		5C59890C2BE1278000A265C0 /* CameraController.swift in Sources */ = {isa = PBXBuildFile; fileRef = 5C59890B2BE1278000A265C0 /* CameraController.swift */; };
		5C59890F2BE1283700A265C0 /* CameraPreview.swift in Sources */ = {isa = PBXBuildFile; fileRef = 5C59890E2BE1283700A265C0 /* CameraPreview.swift */; };
		5C7E85822BE278B50064E886 /* Back.swift in Sources */ = {isa = PBXBuildFile; fileRef = 5C7E85812BE278B50064E886 /* Back.swift */; };
		5C7E85842BE288AA0064E886 /* CameraState.swift in Sources */ = {isa = PBXBuildFile; fileRef = 5C7E85832BE288AA0064E886 /* CameraState.swift */; };
		5C7E85882BE2911D0064E886 /* MenuView.swift in Sources */ = {isa = PBXBuildFile; fileRef = 5C7E85872BE2911D0064E886 /* MenuView.swift */; };
		5C7E858A2BE293970064E886 /* BottomMenu.swift in Sources */ = {isa = PBXBuildFile; fileRef = 5C7E85892BE293970064E886 /* BottomMenu.swift */; };
		5CD0CD912BE52DE400968A8C /* CapturePhotoExtension.swift in Sources */ = {isa = PBXBuildFile; fileRef = 5CD0CD902BE52DE400968A8C /* CapturePhotoExtension.swift */; };
		5CD0CD932BE5333300968A8C /* BlinkingView.swift in Sources */ = {isa = PBXBuildFile; fileRef = 5CD0CD922BE5333300968A8C /* BlinkingView.swift */; };
		EE0558C02BEAAF170052A178 /* FileManagerView2.swift in Sources */ = {isa = PBXBuildFile; fileRef = EE0558BF2BEAAF170052A178 /* FileManagerView2.swift */; };
		EE0B33FA2BEABB0600C63618 /* FileManagerView.swift in Sources */ = {isa = PBXBuildFile; fileRef = EE0B33F92BEABB0600C63618 /* FileManagerView.swift */; };
		EEDE3D9F2BEA9CE1003A9AAD /* FileManagerView1.swift in Sources */ = {isa = PBXBuildFile; fileRef = EEDE3D9E2BEA9CE1003A9AAD /* FileManagerView1.swift */; };
/* End PBXBuildFile section */

/* Begin PBXContainerItemProxy section */
		5C5988EA2BE1142300A265C0 /* PBXContainerItemProxy */ = {
			isa = PBXContainerItemProxy;
			containerPortal = 5C5988D12BE1142200A265C0 /* Project object */;
			proxyType = 1;
			remoteGlobalIDString = 5C5988D82BE1142200A265C0;
			remoteInfo = CameraApp;
		};
		5C5988F42BE1142300A265C0 /* PBXContainerItemProxy */ = {
			isa = PBXContainerItemProxy;
			containerPortal = 5C5988D12BE1142200A265C0 /* Project object */;
			proxyType = 1;
			remoteGlobalIDString = 5C5988D82BE1142200A265C0;
			remoteInfo = CameraApp;
		};
/* End PBXContainerItemProxy section */

/* Begin PBXFileReference section */
		5C2D75212BE3DEE900A05A2C /* ZoomSliderView.swift */ = {isa = PBXFileReference; lastKnownFileType = sourcecode.swift; path = ZoomSliderView.swift; sourceTree = "<group>"; };
		5C5988D92BE1142200A265C0 /* CameraApp.app */ = {isa = PBXFileReference; explicitFileType = wrapper.application; includeInIndex = 0; path = CameraApp.app; sourceTree = BUILT_PRODUCTS_DIR; };
		5C5988DC2BE1142200A265C0 /* CameraAppApp.swift */ = {isa = PBXFileReference; lastKnownFileType = sourcecode.swift; path = CameraAppApp.swift; sourceTree = "<group>"; };
		5C5988DE2BE1142200A265C0 /* ContentView.swift */ = {isa = PBXFileReference; lastKnownFileType = sourcecode.swift; path = ContentView.swift; sourceTree = "<group>"; };
		5C5988E02BE1142300A265C0 /* Assets.xcassets */ = {isa = PBXFileReference; lastKnownFileType = folder.assetcatalog; path = Assets.xcassets; sourceTree = "<group>"; };
		5C5988E32BE1142300A265C0 /* Preview Assets.xcassets */ = {isa = PBXFileReference; lastKnownFileType = folder.assetcatalog; path = "Preview Assets.xcassets"; sourceTree = "<group>"; };
		5C5988E92BE1142300A265C0 /* CameraAppTests.xctest */ = {isa = PBXFileReference; explicitFileType = wrapper.cfbundle; includeInIndex = 0; path = CameraAppTests.xctest; sourceTree = BUILT_PRODUCTS_DIR; };
		5C5988ED2BE1142300A265C0 /* CameraAppTests.swift */ = {isa = PBXFileReference; lastKnownFileType = sourcecode.swift; path = CameraAppTests.swift; sourceTree = "<group>"; };
		5C5988F32BE1142300A265C0 /* CameraAppUITests.xctest */ = {isa = PBXFileReference; explicitFileType = wrapper.cfbundle; includeInIndex = 0; path = CameraAppUITests.xctest; sourceTree = BUILT_PRODUCTS_DIR; };
		5C5988F72BE1142300A265C0 /* CameraAppUITests.swift */ = {isa = PBXFileReference; lastKnownFileType = sourcecode.swift; path = CameraAppUITests.swift; sourceTree = "<group>"; };
		5C5988F92BE1142300A265C0 /* CameraAppUITestsLaunchTests.swift */ = {isa = PBXFileReference; lastKnownFileType = sourcecode.swift; path = CameraAppUITestsLaunchTests.swift; sourceTree = "<group>"; };
		5C5989062BE11CC600A265C0 /* CameraView.swift */ = {isa = PBXFileReference; lastKnownFileType = sourcecode.swift; path = CameraView.swift; sourceTree = "<group>"; };
		5C59890B2BE1278000A265C0 /* CameraController.swift */ = {isa = PBXFileReference; lastKnownFileType = sourcecode.swift; path = CameraController.swift; sourceTree = "<group>"; };
		5C59890E2BE1283700A265C0 /* CameraPreview.swift */ = {isa = PBXFileReference; lastKnownFileType = sourcecode.swift; path = CameraPreview.swift; sourceTree = "<group>"; };
		5C7E85812BE278B50064E886 /* Back.swift */ = {isa = PBXFileReference; lastKnownFileType = sourcecode.swift; path = Back.swift; sourceTree = "<group>"; };
		5C7E85832BE288AA0064E886 /* CameraState.swift */ = {isa = PBXFileReference; lastKnownFileType = sourcecode.swift; path = CameraState.swift; sourceTree = "<group>"; };
		5C7E85872BE2911D0064E886 /* MenuView.swift */ = {isa = PBXFileReference; lastKnownFileType = sourcecode.swift; path = MenuView.swift; sourceTree = "<group>"; };
		5C7E85892BE293970064E886 /* BottomMenu.swift */ = {isa = PBXFileReference; lastKnownFileType = sourcecode.swift; path = BottomMenu.swift; sourceTree = "<group>"; };
		5CD0CD902BE52DE400968A8C /* CapturePhotoExtension.swift */ = {isa = PBXFileReference; lastKnownFileType = sourcecode.swift; path = CapturePhotoExtension.swift; sourceTree = "<group>"; };
		5CD0CD922BE5333300968A8C /* BlinkingView.swift */ = {isa = PBXFileReference; lastKnownFileType = sourcecode.swift; path = BlinkingView.swift; sourceTree = "<group>"; };
		EE0558BF2BEAAF170052A178 /* FileManagerView2.swift */ = {isa = PBXFileReference; lastKnownFileType = sourcecode.swift; path = FileManagerView2.swift; sourceTree = "<group>"; };
		EE0B33F92BEABB0600C63618 /* FileManagerView.swift */ = {isa = PBXFileReference; lastKnownFileType = sourcecode.swift; path = FileManagerView.swift; sourceTree = "<group>"; };
		EEDE3D9E2BEA9CE1003A9AAD /* FileManagerView1.swift */ = {isa = PBXFileReference; lastKnownFileType = sourcecode.swift; path = FileManagerView1.swift; sourceTree = "<group>"; };
/* End PBXFileReference section */

/* Begin PBXFrameworksBuildPhase section */
		5C5988D62BE1142200A265C0 /* Frameworks */ = {
			isa = PBXFrameworksBuildPhase;
			buildActionMask = 2147483647;
			files = (
			);
			runOnlyForDeploymentPostprocessing = 0;
		};
		5C5988E62BE1142300A265C0 /* Frameworks */ = {
			isa = PBXFrameworksBuildPhase;
			buildActionMask = 2147483647;
			files = (
			);
			runOnlyForDeploymentPostprocessing = 0;
		};
		5C5988F02BE1142300A265C0 /* Frameworks */ = {
			isa = PBXFrameworksBuildPhase;
			buildActionMask = 2147483647;
			files = (
			);
			runOnlyForDeploymentPostprocessing = 0;
		};
/* End PBXFrameworksBuildPhase section */

/* Begin PBXGroup section */
		5C5988D02BE1142200A265C0 = {
			isa = PBXGroup;
			children = (
				5C5988DB2BE1142200A265C0 /* CameraApp */,
				5C5988EC2BE1142300A265C0 /* CameraAppTests */,
				5C5988F62BE1142300A265C0 /* CameraAppUITests */,
				5C5988DA2BE1142200A265C0 /* Products */,
			);
			sourceTree = "<group>";
		};
		5C5988DA2BE1142200A265C0 /* Products */ = {
			isa = PBXGroup;
			children = (
				5C5988D92BE1142200A265C0 /* CameraApp.app */,
				5C5988E92BE1142300A265C0 /* CameraAppTests.xctest */,
				5C5988F32BE1142300A265C0 /* CameraAppUITests.xctest */,
			);
			name = Products;
			sourceTree = "<group>";
		};
		5C5988DB2BE1142200A265C0 /* CameraApp */ = {
			isa = PBXGroup;
			children = (
				5CD0CD8F2BE52D2900968A8C /* Extensions */,
				5CD0CD8E2BE52AD400968A8C /* States */,
				5C5989092BE11FED00A265C0 /* Models */,
				5C59890A2BE11FF500A265C0 /* Views */,
				5C5989082BE11FD800A265C0 /* Controllers */,
				5C5988DC2BE1142200A265C0 /* CameraAppApp.swift */,
				5C5988DE2BE1142200A265C0 /* ContentView.swift */,
				5C7E85812BE278B50064E886 /* Back.swift */,
				5C5988E02BE1142300A265C0 /* Assets.xcassets */,
				5C5988E22BE1142300A265C0 /* Preview Content */,
			);
			path = CameraApp;
			sourceTree = "<group>";
		};
		5C5988E22BE1142300A265C0 /* Preview Content */ = {
			isa = PBXGroup;
			children = (
				5C5988E32BE1142300A265C0 /* Preview Assets.xcassets */,
			);
			path = "Preview Content";
			sourceTree = "<group>";
		};
		5C5988EC2BE1142300A265C0 /* CameraAppTests */ = {
			isa = PBXGroup;
			children = (
				5C5988ED2BE1142300A265C0 /* CameraAppTests.swift */,
			);
			path = CameraAppTests;
			sourceTree = "<group>";
		};
		5C5988F62BE1142300A265C0 /* CameraAppUITests */ = {
			isa = PBXGroup;
			children = (
				5C5988F72BE1142300A265C0 /* CameraAppUITests.swift */,
				5C5988F92BE1142300A265C0 /* CameraAppUITestsLaunchTests.swift */,
			);
			path = CameraAppUITests;
			sourceTree = "<group>";
		};
		5C5989082BE11FD800A265C0 /* Controllers */ = {
			isa = PBXGroup;
			children = (
				5C59890B2BE1278000A265C0 /* CameraController.swift */,
			);
			path = Controllers;
			sourceTree = "<group>";
		};
		5C5989092BE11FED00A265C0 /* Models */ = {
			isa = PBXGroup;
			children = (
			);
			path = Models;
			sourceTree = "<group>";
		};
		5C59890A2BE11FF500A265C0 /* Views */ = {
			isa = PBXGroup;
			children = (
				5C59890D2BE1281600A265C0 /* Widgets */,
				5C5989062BE11CC600A265C0 /* CameraView.swift */,
				EEDE3D9E2BEA9CE1003A9AAD /* FileManagerView1.swift */,
				EE0558BF2BEAAF170052A178 /* FileManagerView2.swift */,
				EE0B33F92BEABB0600C63618 /* FileManagerView.swift */,
			);
			path = Views;
			sourceTree = "<group>";
		};
		5C59890D2BE1281600A265C0 /* Widgets */ = {
			isa = PBXGroup;
			children = (
				5C59890E2BE1283700A265C0 /* CameraPreview.swift */,
				5C7E85872BE2911D0064E886 /* MenuView.swift */,
				5C7E85892BE293970064E886 /* BottomMenu.swift */,
				5C2D75212BE3DEE900A05A2C /* ZoomSliderView.swift */,
				5CD0CD922BE5333300968A8C /* BlinkingView.swift */,
			);
			path = Widgets;
			sourceTree = "<group>";
		};
		5CD0CD8E2BE52AD400968A8C /* States */ = {
			isa = PBXGroup;
			children = (
				5C7E85832BE288AA0064E886 /* CameraState.swift */,
			);
			path = States;
			sourceTree = "<group>";
		};
		5CD0CD8F2BE52D2900968A8C /* Extensions */ = {
			isa = PBXGroup;
			children = (
				5CD0CD902BE52DE400968A8C /* CapturePhotoExtension.swift */,
			);
			path = Extensions;
			sourceTree = "<group>";
		};
/* End PBXGroup section */

/* Begin PBXNativeTarget section */
		5C5988D82BE1142200A265C0 /* CameraApp */ = {
			isa = PBXNativeTarget;
			buildConfigurationList = 5C5988FD2BE1142300A265C0 /* Build configuration list for PBXNativeTarget "CameraApp" */;
			buildPhases = (
				5C5988D52BE1142200A265C0 /* Sources */,
				5C5988D62BE1142200A265C0 /* Frameworks */,
				5C5988D72BE1142200A265C0 /* Resources */,
			);
			buildRules = (
			);
			dependencies = (
			);
			name = CameraApp;
			productName = CameraApp;
			productReference = 5C5988D92BE1142200A265C0 /* CameraApp.app */;
			productType = "com.apple.product-type.application";
		};
		5C5988E82BE1142300A265C0 /* CameraAppTests */ = {
			isa = PBXNativeTarget;
			buildConfigurationList = 5C5989002BE1142300A265C0 /* Build configuration list for PBXNativeTarget "CameraAppTests" */;
			buildPhases = (
				5C5988E52BE1142300A265C0 /* Sources */,
				5C5988E62BE1142300A265C0 /* Frameworks */,
				5C5988E72BE1142300A265C0 /* Resources */,
			);
			buildRules = (
			);
			dependencies = (
				5C5988EB2BE1142300A265C0 /* PBXTargetDependency */,
			);
			name = CameraAppTests;
			productName = CameraAppTests;
			productReference = 5C5988E92BE1142300A265C0 /* CameraAppTests.xctest */;
			productType = "com.apple.product-type.bundle.unit-test";
		};
		5C5988F22BE1142300A265C0 /* CameraAppUITests */ = {
			isa = PBXNativeTarget;
			buildConfigurationList = 5C5989032BE1142300A265C0 /* Build configuration list for PBXNativeTarget "CameraAppUITests" */;
			buildPhases = (
				5C5988EF2BE1142300A265C0 /* Sources */,
				5C5988F02BE1142300A265C0 /* Frameworks */,
				5C5988F12BE1142300A265C0 /* Resources */,
			);
			buildRules = (
			);
			dependencies = (
				5C5988F52BE1142300A265C0 /* PBXTargetDependency */,
			);
			name = CameraAppUITests;
			productName = CameraAppUITests;
			productReference = 5C5988F32BE1142300A265C0 /* CameraAppUITests.xctest */;
			productType = "com.apple.product-type.bundle.ui-testing";
		};
/* End PBXNativeTarget section */

/* Begin PBXProject section */
		5C5988D12BE1142200A265C0 /* Project object */ = {
			isa = PBXProject;
			attributes = {
				BuildIndependentTargetsInParallel = 1;
				LastSwiftUpdateCheck = 1530;
				LastUpgradeCheck = 1530;
				TargetAttributes = {
					5C5988D82BE1142200A265C0 = {
						CreatedOnToolsVersion = 15.3;
					};
					5C5988E82BE1142300A265C0 = {
						CreatedOnToolsVersion = 15.3;
						TestTargetID = 5C5988D82BE1142200A265C0;
					};
					5C5988F22BE1142300A265C0 = {
						CreatedOnToolsVersion = 15.3;
						TestTargetID = 5C5988D82BE1142200A265C0;
					};
				};
			};
			buildConfigurationList = 5C5988D42BE1142200A265C0 /* Build configuration list for PBXProject "CameraApp" */;
			compatibilityVersion = "Xcode 14.0";
			developmentRegion = en;
			hasScannedForEncodings = 0;
			knownRegions = (
				en,
				Base,
			);
			mainGroup = 5C5988D02BE1142200A265C0;
			productRefGroup = 5C5988DA2BE1142200A265C0 /* Products */;
			projectDirPath = "";
			projectRoot = "";
			targets = (
				5C5988D82BE1142200A265C0 /* CameraApp */,
				5C5988E82BE1142300A265C0 /* CameraAppTests */,
				5C5988F22BE1142300A265C0 /* CameraAppUITests */,
			);
		};
/* End PBXProject section */

/* Begin PBXResourcesBuildPhase section */
		5C5988D72BE1142200A265C0 /* Resources */ = {
			isa = PBXResourcesBuildPhase;
			buildActionMask = 2147483647;
			files = (
				5C5988E42BE1142300A265C0 /* Preview Assets.xcassets in Resources */,
				5C5988E12BE1142300A265C0 /* Assets.xcassets in Resources */,
			);
			runOnlyForDeploymentPostprocessing = 0;
		};
		5C5988E72BE1142300A265C0 /* Resources */ = {
			isa = PBXResourcesBuildPhase;
			buildActionMask = 2147483647;
			files = (
			);
			runOnlyForDeploymentPostprocessing = 0;
		};
		5C5988F12BE1142300A265C0 /* Resources */ = {
			isa = PBXResourcesBuildPhase;
			buildActionMask = 2147483647;
			files = (
			);
			runOnlyForDeploymentPostprocessing = 0;
		};
/* End PBXResourcesBuildPhase section */

/* Begin PBXSourcesBuildPhase section */
		5C5988D52BE1142200A265C0 /* Sources */ = {
			isa = PBXSourcesBuildPhase;
			buildActionMask = 2147483647;
			files = (
				5C59890F2BE1283700A265C0 /* CameraPreview.swift in Sources */,
				5C7E85882BE2911D0064E886 /* MenuView.swift in Sources */,
				5CD0CD912BE52DE400968A8C /* CapturePhotoExtension.swift in Sources */,
				5C5988DF2BE1142200A265C0 /* ContentView.swift in Sources */,
				5C5988DD2BE1142200A265C0 /* CameraAppApp.swift in Sources */,
				5C7E85842BE288AA0064E886 /* CameraState.swift in Sources */,
				EE0558C02BEAAF170052A178 /* FileManagerView2.swift in Sources */,
				5C2D75222BE3DEE900A05A2C /* ZoomSliderView.swift in Sources */,
				EEDE3D9F2BEA9CE1003A9AAD /* FileManagerView1.swift in Sources */,
				5C59890C2BE1278000A265C0 /* CameraController.swift in Sources */,
				5C7E858A2BE293970064E886 /* BottomMenu.swift in Sources */,
				5C7E85822BE278B50064E886 /* Back.swift in Sources */,
				EE0B33FA2BEABB0600C63618 /* FileManagerView.swift in Sources */,
				5CD0CD932BE5333300968A8C /* BlinkingView.swift in Sources */,
				5C5989072BE11CC600A265C0 /* CameraView.swift in Sources */,
			);
			runOnlyForDeploymentPostprocessing = 0;
		};
		5C5988E52BE1142300A265C0 /* Sources */ = {
			isa = PBXSourcesBuildPhase;
			buildActionMask = 2147483647;
			files = (
				5C5988EE2BE1142300A265C0 /* CameraAppTests.swift in Sources */,
			);
			runOnlyForDeploymentPostprocessing = 0;
		};
		5C5988EF2BE1142300A265C0 /* Sources */ = {
			isa = PBXSourcesBuildPhase;
			buildActionMask = 2147483647;
			files = (
				5C5988F82BE1142300A265C0 /* CameraAppUITests.swift in Sources */,
				5C5988FA2BE1142300A265C0 /* CameraAppUITestsLaunchTests.swift in Sources */,
			);
			runOnlyForDeploymentPostprocessing = 0;
		};
/* End PBXSourcesBuildPhase section */

/* Begin PBXTargetDependency section */
		5C5988EB2BE1142300A265C0 /* PBXTargetDependency */ = {
			isa = PBXTargetDependency;
			target = 5C5988D82BE1142200A265C0 /* CameraApp */;
			targetProxy = 5C5988EA2BE1142300A265C0 /* PBXContainerItemProxy */;
		};
		5C5988F52BE1142300A265C0 /* PBXTargetDependency */ = {
			isa = PBXTargetDependency;
			target = 5C5988D82BE1142200A265C0 /* CameraApp */;
			targetProxy = 5C5988F42BE1142300A265C0 /* PBXContainerItemProxy */;
		};
/* End PBXTargetDependency section */

/* Begin XCBuildConfiguration section */
		5C5988FB2BE1142300A265C0 /* Debug */ = {
			isa = XCBuildConfiguration;
			buildSettings = {
				ALWAYS_SEARCH_USER_PATHS = NO;
				ASSETCATALOG_COMPILER_GENERATE_SWIFT_ASSET_SYMBOL_EXTENSIONS = YES;
				CLANG_ANALYZER_NONNULL = YES;
				CLANG_ANALYZER_NUMBER_OBJECT_CONVERSION = YES_AGGRESSIVE;
				CLANG_CXX_LANGUAGE_STANDARD = "gnu++20";
				CLANG_ENABLE_MODULES = YES;
				CLANG_ENABLE_OBJC_ARC = YES;
				CLANG_ENABLE_OBJC_WEAK = YES;
				CLANG_WARN_BLOCK_CAPTURE_AUTORELEASING = YES;
				CLANG_WARN_BOOL_CONVERSION = YES;
				CLANG_WARN_COMMA = YES;
				CLANG_WARN_CONSTANT_CONVERSION = YES;
				CLANG_WARN_DEPRECATED_OBJC_IMPLEMENTATIONS = YES;
				CLANG_WARN_DIRECT_OBJC_ISA_USAGE = YES_ERROR;
				CLANG_WARN_DOCUMENTATION_COMMENTS = YES;
				CLANG_WARN_EMPTY_BODY = YES;
				CLANG_WARN_ENUM_CONVERSION = YES;
				CLANG_WARN_INFINITE_RECURSION = YES;
				CLANG_WARN_INT_CONVERSION = YES;
				CLANG_WARN_NON_LITERAL_NULL_CONVERSION = YES;
				CLANG_WARN_OBJC_IMPLICIT_RETAIN_SELF = YES;
				CLANG_WARN_OBJC_LITERAL_CONVERSION = YES;
				CLANG_WARN_OBJC_ROOT_CLASS = YES_ERROR;
				CLANG_WARN_QUOTED_INCLUDE_IN_FRAMEWORK_HEADER = YES;
				CLANG_WARN_RANGE_LOOP_ANALYSIS = YES;
				CLANG_WARN_STRICT_PROTOTYPES = YES;
				CLANG_WARN_SUSPICIOUS_MOVE = YES;
				CLANG_WARN_UNGUARDED_AVAILABILITY = YES_AGGRESSIVE;
				CLANG_WARN_UNREACHABLE_CODE = YES;
				CLANG_WARN__DUPLICATE_METHOD_MATCH = YES;
				COPY_PHASE_STRIP = NO;
				DEBUG_INFORMATION_FORMAT = dwarf;
				ENABLE_STRICT_OBJC_MSGSEND = YES;
				ENABLE_TESTABILITY = YES;
				ENABLE_USER_SCRIPT_SANDBOXING = YES;
				GCC_C_LANGUAGE_STANDARD = gnu17;
				GCC_DYNAMIC_NO_PIC = NO;
				GCC_NO_COMMON_BLOCKS = YES;
				GCC_OPTIMIZATION_LEVEL = 0;
				GCC_PREPROCESSOR_DEFINITIONS = (
					"DEBUG=1",
					"$(inherited)",
				);
				GCC_WARN_64_TO_32_BIT_CONVERSION = YES;
				GCC_WARN_ABOUT_RETURN_TYPE = YES_ERROR;
				GCC_WARN_UNDECLARED_SELECTOR = YES;
				GCC_WARN_UNINITIALIZED_AUTOS = YES_AGGRESSIVE;
				GCC_WARN_UNUSED_FUNCTION = YES;
				GCC_WARN_UNUSED_VARIABLE = YES;
				IPHONEOS_DEPLOYMENT_TARGET = 17.4;
				LOCALIZATION_PREFERS_STRING_CATALOGS = YES;
				MTL_ENABLE_DEBUG_INFO = INCLUDE_SOURCE;
				MTL_FAST_MATH = YES;
				ONLY_ACTIVE_ARCH = YES;
				SDKROOT = iphoneos;
				SWIFT_ACTIVE_COMPILATION_CONDITIONS = "DEBUG $(inherited)";
				SWIFT_OPTIMIZATION_LEVEL = "-Onone";
			};
			name = Debug;
		};
		5C5988FC2BE1142300A265C0 /* Release */ = {
			isa = XCBuildConfiguration;
			buildSettings = {
				ALWAYS_SEARCH_USER_PATHS = NO;
				ASSETCATALOG_COMPILER_GENERATE_SWIFT_ASSET_SYMBOL_EXTENSIONS = YES;
				CLANG_ANALYZER_NONNULL = YES;
				CLANG_ANALYZER_NUMBER_OBJECT_CONVERSION = YES_AGGRESSIVE;
				CLANG_CXX_LANGUAGE_STANDARD = "gnu++20";
				CLANG_ENABLE_MODULES = YES;
				CLANG_ENABLE_OBJC_ARC = YES;
				CLANG_ENABLE_OBJC_WEAK = YES;
				CLANG_WARN_BLOCK_CAPTURE_AUTORELEASING = YES;
				CLANG_WARN_BOOL_CONVERSION = YES;
				CLANG_WARN_COMMA = YES;
				CLANG_WARN_CONSTANT_CONVERSION = YES;
				CLANG_WARN_DEPRECATED_OBJC_IMPLEMENTATIONS = YES;
				CLANG_WARN_DIRECT_OBJC_ISA_USAGE = YES_ERROR;
				CLANG_WARN_DOCUMENTATION_COMMENTS = YES;
				CLANG_WARN_EMPTY_BODY = YES;
				CLANG_WARN_ENUM_CONVERSION = YES;
				CLANG_WARN_INFINITE_RECURSION = YES;
				CLANG_WARN_INT_CONVERSION = YES;
				CLANG_WARN_NON_LITERAL_NULL_CONVERSION = YES;
				CLANG_WARN_OBJC_IMPLICIT_RETAIN_SELF = YES;
				CLANG_WARN_OBJC_LITERAL_CONVERSION = YES;
				CLANG_WARN_OBJC_ROOT_CLASS = YES_ERROR;
				CLANG_WARN_QUOTED_INCLUDE_IN_FRAMEWORK_HEADER = YES;
				CLANG_WARN_RANGE_LOOP_ANALYSIS = YES;
				CLANG_WARN_STRICT_PROTOTYPES = YES;
				CLANG_WARN_SUSPICIOUS_MOVE = YES;
				CLANG_WARN_UNGUARDED_AVAILABILITY = YES_AGGRESSIVE;
				CLANG_WARN_UNREACHABLE_CODE = YES;
				CLANG_WARN__DUPLICATE_METHOD_MATCH = YES;
				COPY_PHASE_STRIP = NO;
				DEBUG_INFORMATION_FORMAT = "dwarf-with-dsym";
				ENABLE_NS_ASSERTIONS = NO;
				ENABLE_STRICT_OBJC_MSGSEND = YES;
				ENABLE_USER_SCRIPT_SANDBOXING = YES;
				GCC_C_LANGUAGE_STANDARD = gnu17;
				GCC_NO_COMMON_BLOCKS = YES;
				GCC_WARN_64_TO_32_BIT_CONVERSION = YES;
				GCC_WARN_ABOUT_RETURN_TYPE = YES_ERROR;
				GCC_WARN_UNDECLARED_SELECTOR = YES;
				GCC_WARN_UNINITIALIZED_AUTOS = YES_AGGRESSIVE;
				GCC_WARN_UNUSED_FUNCTION = YES;
				GCC_WARN_UNUSED_VARIABLE = YES;
				IPHONEOS_DEPLOYMENT_TARGET = 17.4;
				LOCALIZATION_PREFERS_STRING_CATALOGS = YES;
				MTL_ENABLE_DEBUG_INFO = NO;
				MTL_FAST_MATH = YES;
				SDKROOT = iphoneos;
				SWIFT_COMPILATION_MODE = wholemodule;
				VALIDATE_PRODUCT = YES;
			};
			name = Release;
		};
		5C5988FE2BE1142300A265C0 /* Debug */ = {
			isa = XCBuildConfiguration;
			buildSettings = {
				ASSETCATALOG_COMPILER_APPICON_NAME = AppIcon;
				ASSETCATALOG_COMPILER_GLOBAL_ACCENT_COLOR_NAME = AccentColor;
				CODE_SIGN_STYLE = Automatic;
				CURRENT_PROJECT_VERSION = 1;
				DEVELOPMENT_ASSET_PATHS = "\"CameraApp/Preview Content\"";
				DEVELOPMENT_TEAM = 3K3WPM5989;
				ENABLE_PREVIEWS = YES;
				GENERATE_INFOPLIST_FILE = YES;
				INFOPLIST_KEY_NSCameraUsageDescription = "We need camera access";
				INFOPLIST_KEY_NSPhotoLibraryUsageDescription = "We need photo library access";
				INFOPLIST_KEY_UIApplicationSceneManifest_Generation = YES;
				INFOPLIST_KEY_UIApplicationSupportsIndirectInputEvents = YES;
				INFOPLIST_KEY_UILaunchScreen_Generation = YES;
				INFOPLIST_KEY_UISupportedInterfaceOrientations_iPad = "UIInterfaceOrientationPortrait UIInterfaceOrientationPortraitUpsideDown UIInterfaceOrientationLandscapeLeft UIInterfaceOrientationLandscapeRight";
				INFOPLIST_KEY_UISupportedInterfaceOrientations_iPhone = "UIInterfaceOrientationPortrait UIInterfaceOrientationLandscapeLeft UIInterfaceOrientationLandscapeRight";
				IPHONEOS_DEPLOYMENT_TARGET = 16.2;
				LD_RUNPATH_SEARCH_PATHS = (
					"$(inherited)",
					"@executable_path/Frameworks",
				);
				MARKETING_VERSION = 1.0;
				PRODUCT_BUNDLE_IDENTIFIER = com.hestabit.CameraApp;
				PRODUCT_NAME = "$(TARGET_NAME)";
				SWIFT_EMIT_LOC_STRINGS = YES;
				SWIFT_VERSION = 5.0;
				TARGETED_DEVICE_FAMILY = "1,2";
			};
			name = Debug;
		};
		5C5988FF2BE1142300A265C0 /* Release */ = {
			isa = XCBuildConfiguration;
			buildSettings = {
				ASSETCATALOG_COMPILER_APPICON_NAME = AppIcon;
				ASSETCATALOG_COMPILER_GLOBAL_ACCENT_COLOR_NAME = AccentColor;
				CODE_SIGN_STYLE = Automatic;
				CURRENT_PROJECT_VERSION = 1;
				DEVELOPMENT_ASSET_PATHS = "\"CameraApp/Preview Content\"";
				DEVELOPMENT_TEAM = 3K3WPM5989;
				ENABLE_PREVIEWS = YES;
				GENERATE_INFOPLIST_FILE = YES;
				INFOPLIST_KEY_NSCameraUsageDescription = "We need camera access";
				INFOPLIST_KEY_NSPhotoLibraryUsageDescription = "We need photo library access";
				INFOPLIST_KEY_UIApplicationSceneManifest_Generation = YES;
				INFOPLIST_KEY_UIApplicationSupportsIndirectInputEvents = YES;
				INFOPLIST_KEY_UILaunchScreen_Generation = YES;
				INFOPLIST_KEY_UISupportedInterfaceOrientations_iPad = "UIInterfaceOrientationPortrait UIInterfaceOrientationPortraitUpsideDown UIInterfaceOrientationLandscapeLeft UIInterfaceOrientationLandscapeRight";
				INFOPLIST_KEY_UISupportedInterfaceOrientations_iPhone = "UIInterfaceOrientationPortrait UIInterfaceOrientationLandscapeLeft UIInterfaceOrientationLandscapeRight";
				IPHONEOS_DEPLOYMENT_TARGET = 16.2;
				LD_RUNPATH_SEARCH_PATHS = (
					"$(inherited)",
					"@executable_path/Frameworks",
				);
				MARKETING_VERSION = 1.0;
				PRODUCT_BUNDLE_IDENTIFIER = com.hestabit.CameraApp;
				PRODUCT_NAME = "$(TARGET_NAME)";
				SWIFT_EMIT_LOC_STRINGS = YES;
				SWIFT_VERSION = 5.0;
				TARGETED_DEVICE_FAMILY = "1,2";
			};
			name = Release;
		};
		5C5989012BE1142300A265C0 /* Debug */ = {
			isa = XCBuildConfiguration;
			buildSettings = {
				ALWAYS_EMBED_SWIFT_STANDARD_LIBRARIES = YES;
				BUNDLE_LOADER = "$(TEST_HOST)";
				CODE_SIGN_STYLE = Automatic;
				CURRENT_PROJECT_VERSION = 1;
				DEVELOPMENT_TEAM = 3K3WPM5989;
				GENERATE_INFOPLIST_FILE = YES;
				IPHONEOS_DEPLOYMENT_TARGET = 17.4;
				MARKETING_VERSION = 1.0;
				PRODUCT_BUNDLE_IDENTIFIER = com.hestabit.CameraAppTests;
				PRODUCT_NAME = "$(TARGET_NAME)";
				SWIFT_EMIT_LOC_STRINGS = NO;
				SWIFT_VERSION = 5.0;
				TARGETED_DEVICE_FAMILY = "1,2";
				TEST_HOST = "$(BUILT_PRODUCTS_DIR)/CameraApp.app/$(BUNDLE_EXECUTABLE_FOLDER_PATH)/CameraApp";
			};
			name = Debug;
		};
		5C5989022BE1142300A265C0 /* Release */ = {
			isa = XCBuildConfiguration;
			buildSettings = {
				ALWAYS_EMBED_SWIFT_STANDARD_LIBRARIES = YES;
				BUNDLE_LOADER = "$(TEST_HOST)";
				CODE_SIGN_STYLE = Automatic;
				CURRENT_PROJECT_VERSION = 1;
				DEVELOPMENT_TEAM = 3K3WPM5989;
				GENERATE_INFOPLIST_FILE = YES;
				IPHONEOS_DEPLOYMENT_TARGET = 17.4;
				MARKETING_VERSION = 1.0;
				PRODUCT_BUNDLE_IDENTIFIER = com.hestabit.CameraAppTests;
				PRODUCT_NAME = "$(TARGET_NAME)";
				SWIFT_EMIT_LOC_STRINGS = NO;
				SWIFT_VERSION = 5.0;
				TARGETED_DEVICE_FAMILY = "1,2";
				TEST_HOST = "$(BUILT_PRODUCTS_DIR)/CameraApp.app/$(BUNDLE_EXECUTABLE_FOLDER_PATH)/CameraApp";
			};
			name = Release;
		};
		5C5989042BE1142300A265C0 /* Debug */ = {
			isa = XCBuildConfiguration;
			buildSettings = {
				ALWAYS_EMBED_SWIFT_STANDARD_LIBRARIES = YES;
				CODE_SIGN_STYLE = Automatic;
				CURRENT_PROJECT_VERSION = 1;
				DEVELOPMENT_TEAM = 3K3WPM5989;
				GENERATE_INFOPLIST_FILE = YES;
				MARKETING_VERSION = 1.0;
				PRODUCT_BUNDLE_IDENTIFIER = com.hestabit.CameraAppUITests;
				PRODUCT_NAME = "$(TARGET_NAME)";
				SWIFT_EMIT_LOC_STRINGS = NO;
				SWIFT_VERSION = 5.0;
				TARGETED_DEVICE_FAMILY = "1,2";
				TEST_TARGET_NAME = CameraApp;
			};
			name = Debug;
		};
		5C5989052BE1142300A265C0 /* Release */ = {
			isa = XCBuildConfiguration;
			buildSettings = {
				ALWAYS_EMBED_SWIFT_STANDARD_LIBRARIES = YES;
				CODE_SIGN_STYLE = Automatic;
				CURRENT_PROJECT_VERSION = 1;
				DEVELOPMENT_TEAM = 3K3WPM5989;
				GENERATE_INFOPLIST_FILE = YES;
				MARKETING_VERSION = 1.0;
				PRODUCT_BUNDLE_IDENTIFIER = com.hestabit.CameraAppUITests;
				PRODUCT_NAME = "$(TARGET_NAME)";
				SWIFT_EMIT_LOC_STRINGS = NO;
				SWIFT_VERSION = 5.0;
				TARGETED_DEVICE_FAMILY = "1,2";
				TEST_TARGET_NAME = CameraApp;
			};
			name = Release;
		};
/* End XCBuildConfiguration section */

/* Begin XCConfigurationList section */
		5C5988D42BE1142200A265C0 /* Build configuration list for PBXProject "CameraApp" */ = {
			isa = XCConfigurationList;
			buildConfigurations = (
				5C5988FB2BE1142300A265C0 /* Debug */,
				5C5988FC2BE1142300A265C0 /* Release */,
			);
			defaultConfigurationIsVisible = 0;
			defaultConfigurationName = Release;
		};
		5C5988FD2BE1142300A265C0 /* Build configuration list for PBXNativeTarget "CameraApp" */ = {
			isa = XCConfigurationList;
			buildConfigurations = (
				5C5988FE2BE1142300A265C0 /* Debug */,
				5C5988FF2BE1142300A265C0 /* Release */,
			);
			defaultConfigurationIsVisible = 0;
			defaultConfigurationName = Release;
		};
		5C5989002BE1142300A265C0 /* Build configuration list for PBXNativeTarget "CameraAppTests" */ = {
			isa = XCConfigurationList;
			buildConfigurations = (
				5C5989012BE1142300A265C0 /* Debug */,
				5C5989022BE1142300A265C0 /* Release */,
			);
			defaultConfigurationIsVisible = 0;
			defaultConfigurationName = Release;
		};
		5C5989032BE1142300A265C0 /* Build configuration list for PBXNativeTarget "CameraAppUITests" */ = {
			isa = XCConfigurationList;
			buildConfigurations = (
				5C5989042BE1142300A265C0 /* Debug */,
				5C5989052BE1142300A265C0 /* Release */,
			);
			defaultConfigurationIsVisible = 0;
			defaultConfigurationName = Release;
		};
/* End XCConfigurationList section */
	};
	rootObject = 5C5988D12BE1142200A265C0 /* Project object */;
}
